{
  "lockfileVersion": 1,
  "workspaces": {
    "": {
      "name": "backend",
      "dependencies": {
        "@prisma/client": "^6.8.1",
        "hono": "^4.7.9",
      },
      "devDependencies": {
        "@types/bun": "latest",
        "prisma": "^6.8.1",
      },
    },
  },
  "packages": {
    "@prisma/client": ["@prisma/client@6.8.1", "", { "peerDependencies": { "prisma": "*", "typescript": ">=5.1.0" }, "optionalPeers": ["prisma", "typescript"] }, "sha512-OxkcBe9i/iQp4vNlXB2nRaTAIu3xtdshqKAUYenGve7MnT1YFsE2FOr92MMF2/5TuNTAJ1jGyls3t16YSfoOYA=="],

    "@prisma/config": ["@prisma/config@6.8.1", "", { "dependencies": { "jiti": "2.4.2" } }, "sha512-8F8fPo32+L9pZ6iESJnFS/Q6R7jvKb5Bn8hsMcOYpkIRV4OQcdvCBQpLS60qol16F0TUAu2NXiE97a/hghex4Q=="],

    "@prisma/debug": ["@prisma/debug@6.8.1", "", {}, "sha512-3HrYLFje+ngEUBKH9x6LWBiqpX8pQEB791RWFS+anWoklM9b6MFdWGzK0bika3rGIs0KOb0ZTKVXo6OmWvjryg=="],

    "@prisma/engines": ["@prisma/engines@6.8.1", "", { "dependencies": { "@prisma/debug": "6.8.1", "@prisma/engines-version": "6.8.0-43.2060c79ba17c6bb9f5823312b6f6b7f4a845738e", "@prisma/fetch-engine": "6.8.1", "@prisma/get-platform": "6.8.1" } }, "sha512-QPU2uNA33MDn1V7Kp2jMm4Ik9f1A5MOPsHDfWDVsS4cYDRO51Kli7/4mjOilmbmaVbHsTjtcTPcZ7K08v46Siw=="],

    "@prisma/engines-version": ["@prisma/engines-version@6.8.0-43.2060c79ba17c6bb9f5823312b6f6b7f4a845738e", "", {}, "sha512-Rkik9lMyHpFNGaLpPF3H5q5TQTkm/aE7DsGM5m92FZTvWQsvmi6Va8On3pWvqLHOt5aPUvFb/FeZTmphI4CPiQ=="],

    "@prisma/fetch-engine": ["@prisma/fetch-engine@6.8.1", "", { "dependencies": { "@prisma/debug": "6.8.1", "@prisma/engines-version": "6.8.0-43.2060c79ba17c6bb9f5823312b6f6b7f4a845738e", "@prisma/get-platform": "6.8.1" } }, "sha512-BaTTSTW0dKNQ4NYsm4qDYuP6wbqaqi1/wSjub4/PF9JBQ0sWspKknrpY7qKLrA/vNQjSfw6Hfd10HWtmT9Hq7g=="],

    "@prisma/get-platform": ["@prisma/get-platform@6.8.1", "", { "dependencies": { "@prisma/debug": "6.8.1" } }, "sha512-wOBUB/wiY1m4MDq9VtIy1nVF5bRhd+e0LShR4bxb9oPdfotFubxB3ZkLTRbcSppDkFU2mVSPMPu6YLHXYl5wFg=="],

    "@types/bun": ["@types/bun@1.2.13", "", { "dependencies": { "bun-types": "1.2.13" } }, "sha512-u6vXep/i9VBxoJl3GjZsl/BFIsvML8DfVDO0RYLEwtSZSp981kEO1V5NwRcO1CPJ7AmvpbnDCiMKo3JvbDEjAg=="],

    "@types/node": ["@types/node@22.15.18", "", { "dependencies": { "undici-types": "~6.21.0" } }, "sha512-v1DKRfUdyW+jJhZNEI1PYy29S2YRxMV5AOO/x/SjKmW0acCIOqmbj6Haf9eHAhsPmrhlHSxEhv/1WszcLWV4cg=="],

    "bun-types": ["bun-types@1.2.13", "", { "dependencies": { "@types/node": "*" } }, "sha512-rRjA1T6n7wto4gxhAO/ErZEtOXyEZEmnIHQfl0Dt1QQSB4QV0iP6BZ9/YB5fZaHFQ2dwHFrmPaRQ9GGMX01k9Q=="],

    "hono": ["hono@4.7.9", "", {}, "sha512-/EsCoR5h7N4yu01TDu9GMCCJa6ZLk5ZJIWFFGNawAXmd1Tp53+Wir4xm0D2X19bbykWUlzQG0+BvPAji6p9E8Q=="],

    "jiti": ["jiti@2.4.2", "", { "bin": { "jiti": "lib/jiti-cli.mjs" } }, "sha512-rg9zJN+G4n2nfJl5MW3BMygZX56zKPNVEYYqq7adpmMh4Jn2QNEwhvQlFy6jPVdcod7txZtKHWnyZiA3a0zP7A=="],

    "prisma": ["prisma@6.8.1", "", { "dependencies": { "@prisma/config": "6.8.1", "@prisma/engines": "6.8.1" }, "peerDependencies": { "typescript": ">=5.1.0" }, "optionalPeers": ["typescript"], "bin": { "prisma": "build/index.js" } }, "sha512-CLDiNk1vYWsa3ZIMZcttG3pzVaRK63yrtPBDMpzhsgI4MiahpCvdM72AAzQc/PElWENoBUx0JAF/UkIFhcmaJw=="],

    "undici-types": ["undici-types@6.21.0", "", {}, "sha512-iwDZqg0QAGrg9Rav5H4n0M64c3mkR59cJ6wQp+7C4nI0gsmExaedaYLNO44eT4AtBBwjbTiGPMlt2Md0T9H9JQ=="],
  }
}
